
Microsoft Visual Studio Solution File, Format Version 12.00
# Visual Studio Version 17
VisualStudioVersion = 17.9.34622.214
MinimumVisualStudioVersion = 10.0.40219.1
Project("{FAE04EC0-301F-11D3-BF4B-00C04F79EFBC}") = "Boren.MiniAPI.WebApplication", "Boren.MiniAPI.WebApplication.csproj", "{930201B2-1D33-4B57-93EB-965F5B420FFE}"
EndProject
Global
	GlobalSection(SolutionConfigurationPlatforms) = preSolution
		Debug|Any CPU = Debug|Any CPU
		Release|Any CPU = Release|Any CPU
	EndGlobalSection
	GlobalSection(ProjectConfigurationPlatforms) = postSolution
		{930201B2-1D33-4B57-93EB-965F5B420FFE}.Debug|Any CPU.ActiveCfg = Debug|Any CPU
		{930201B2-1D33-4B57-93EB-965F5B420FFE}.Debug|Any CPU.Build.0 = Debug|Any CPU
		{930201B2-1D33-4B57-93EB-965F5B420FFE}.Release|Any CPU.ActiveCfg = Release|Any CPU
		{930201B2-1D33-4B57-93EB-965F5B420FFE}.Release|Any CPU.Build.0 = Release|Any CPU
	EndGlobalSection
	GlobalSection(SolutionProperties) = preSolution
		HideSolutionNode = FALSE
	EndGlobalSection
	GlobalSection(ExtensibilityGlobals) = postSolution
		SolutionGuid = {DFA7A2C2-592D-4204-913C-370AD31ADE9A}
	EndGlobalSection
EndGlobal
